hash: 747472d7124aa0c3f7c7e80af05dbe351f11bc600c22e0d98aadfde310bc0bbc
updated: 2017-11-03T22:12:21.745274+01:00
imports:
- name: github.com/sirupsen/logrus
  version: f006c2ac4710855cf0f916dd6b77acf6b048dc6e
- name: golang.org/x/crypto
  version: bd6f299fb381e4c3393d1c4b1f0b94f5e77650c8
  subpackages:
  - ssh/terminal
- name: golang.org/x/sys
  version: 4fe5d7925040acd225bf9c7cee65e82d07f06bff
  subpackages:
  - unix
  - windows
testImports: []
